
Microsoft Visual Studio Solution File, Format Version 12.00
# Visual Studio 15
VisualStudioVersion = 15.0.28307.489
MinimumVisualStudioVersion = 10.0.40219.1
Project("{FAE04EC0-301F-11D3-BF4B-00C04F79EFBC}") = "Task007", "Task007\Task007.csproj", "{B7C9433B-C0A4-448B-A978-5E5CE0115A08}"
EndProject
Global
	GlobalSection(SolutionConfigurationPlatforms) = preSolution
		Debug|Any CPU = Debug|Any CPU
		Release|Any CPU = Release|Any CPU
	EndGlobalSection
	GlobalSection(ProjectConfigurationPlatforms) = postSolution
		{B7C9433B-C0A4-448B-A978-5E5CE0115A08}.Debug|Any CPU.ActiveCfg = Debug|Any CPU
		{B7C9433B-C0A4-448B-A978-5E5CE0115A08}.Debug|Any CPU.Build.0 = Debug|Any CPU
		{B7C9433B-C0A4-448B-A978-5E5CE0115A08}.Release|Any CPU.ActiveCfg = Release|Any CPU
		{B7C9433B-C0A4-448B-A978-5E5CE0115A08}.Release|Any CPU.Build.0 = Release|Any CPU
	EndGlobalSection
	GlobalSection(SolutionProperties) = preSolution
		HideSolutionNode = FALSE
	EndGlobalSection
	GlobalSection(ExtensibilityGlobals) = postSolution
		SolutionGuid = {0D63B02F-650B-4103-AE91-22F76CF643CB}
	EndGlobalSection
EndGlobal
