
Microsoft Visual Studio Solution File, Format Version 12.00
# Visual Studio 15
VisualStudioVersion = 15.0.28307.489
MinimumVisualStudioVersion = 10.0.40219.1
Project("{FAE04EC0-301F-11D3-BF4B-00C04F79EFBC}") = "Task007", "Task007\Task007.csproj", "{B7C9433B-C0A4-448B-A978-5E5CE0115A08}"
EndProject
Project("{FAE04EC0-301F-11D3-BF4B-00C04F79EFBC}") = "Task008", "Task008\Task008.csproj", "{74DF9D2B-4519-402C-AE9D-F69CDA05DAD7}"
EndProject
Project("{FAE04EC0-301F-11D3-BF4B-00C04F79EFBC}") = "Task009", "Task009\Task009.csproj", "{D33DD339-88E0-4F4F-9C40-986E0D883FE2}"
EndProject
Project("{FAE04EC0-301F-11D3-BF4B-00C04F79EFBC}") = "Task011", "Task011\Task011.csproj", "{AB194987-6AB2-4356-93B8-67C9DB2B45B3}"
EndProject
Project("{FAE04EC0-301F-11D3-BF4B-00C04F79EFBC}") = "Task012", "Task012\Task012.csproj", "{E7BAA88D-DD6E-4E7D-9E35-86E348E6DC95}"
EndProject
Project("{FAE04EC0-301F-11D3-BF4B-00C04F79EFBC}") = "Task013", "Task013\Task013.csproj", "{E2A32764-F730-48B4-B74C-5E74560E3151}"
EndProject
Project("{FAE04EC0-301F-11D3-BF4B-00C04F79EFBC}") = "Task014", "Task014\Task014.csproj", "{756BF059-0C06-46D2-B690-2FB460D78C3A}"
EndProject
Project("{FAE04EC0-301F-11D3-BF4B-00C04F79EFBC}") = "Task016", "Task016\Task016.csproj", "{01305314-59B0-468C-9F87-0A29414B93FC}"
EndProject
Project("{FAE04EC0-301F-11D3-BF4B-00C04F79EFBC}") = "Task017", "Task017\Task017.csproj", "{5B387467-299A-47F5-A5F7-1ABAF3631245}"
EndProject
Project("{FAE04EC0-301F-11D3-BF4B-00C04F79EFBC}") = "Task018", "Task018\Task018.csproj", "{93563E04-2470-4036-85BD-D1CC0CFD76B5}"
EndProject
Project("{FAE04EC0-301F-11D3-BF4B-00C04F79EFBC}") = "Task019", "Task019\Task019.csproj", "{D587C297-224F-43B8-870A-257E63FCE5E1}"
EndProject
Project("{FAE04EC0-301F-11D3-BF4B-00C04F79EFBC}") = "Task020", "Task020\Task020.csproj", "{720FA3F2-59E7-4D05-BDF7-960A117D7851}"
EndProject
Global
	GlobalSection(SolutionConfigurationPlatforms) = preSolution
		Debug|Any CPU = Debug|Any CPU
		Release|Any CPU = Release|Any CPU
	EndGlobalSection
	GlobalSection(ProjectConfigurationPlatforms) = postSolution
		{B7C9433B-C0A4-448B-A978-5E5CE0115A08}.Debug|Any CPU.ActiveCfg = Debug|Any CPU
		{B7C9433B-C0A4-448B-A978-5E5CE0115A08}.Debug|Any CPU.Build.0 = Debug|Any CPU
		{B7C9433B-C0A4-448B-A978-5E5CE0115A08}.Release|Any CPU.ActiveCfg = Release|Any CPU
		{B7C9433B-C0A4-448B-A978-5E5CE0115A08}.Release|Any CPU.Build.0 = Release|Any CPU
		{74DF9D2B-4519-402C-AE9D-F69CDA05DAD7}.Debug|Any CPU.ActiveCfg = Debug|Any CPU
		{74DF9D2B-4519-402C-AE9D-F69CDA05DAD7}.Debug|Any CPU.Build.0 = Debug|Any CPU
		{74DF9D2B-4519-402C-AE9D-F69CDA05DAD7}.Release|Any CPU.ActiveCfg = Release|Any CPU
		{74DF9D2B-4519-402C-AE9D-F69CDA05DAD7}.Release|Any CPU.Build.0 = Release|Any CPU
		{D33DD339-88E0-4F4F-9C40-986E0D883FE2}.Debug|Any CPU.ActiveCfg = Debug|Any CPU
		{D33DD339-88E0-4F4F-9C40-986E0D883FE2}.Debug|Any CPU.Build.0 = Debug|Any CPU
		{D33DD339-88E0-4F4F-9C40-986E0D883FE2}.Release|Any CPU.ActiveCfg = Release|Any CPU
		{D33DD339-88E0-4F4F-9C40-986E0D883FE2}.Release|Any CPU.Build.0 = Release|Any CPU
		{AB194987-6AB2-4356-93B8-67C9DB2B45B3}.Debug|Any CPU.ActiveCfg = Debug|Any CPU
		{AB194987-6AB2-4356-93B8-67C9DB2B45B3}.Debug|Any CPU.Build.0 = Debug|Any CPU
		{AB194987-6AB2-4356-93B8-67C9DB2B45B3}.Release|Any CPU.ActiveCfg = Release|Any CPU
		{AB194987-6AB2-4356-93B8-67C9DB2B45B3}.Release|Any CPU.Build.0 = Release|Any CPU
		{E7BAA88D-DD6E-4E7D-9E35-86E348E6DC95}.Debug|Any CPU.ActiveCfg = Debug|Any CPU
		{E7BAA88D-DD6E-4E7D-9E35-86E348E6DC95}.Debug|Any CPU.Build.0 = Debug|Any CPU
		{E7BAA88D-DD6E-4E7D-9E35-86E348E6DC95}.Release|Any CPU.ActiveCfg = Release|Any CPU
		{E7BAA88D-DD6E-4E7D-9E35-86E348E6DC95}.Release|Any CPU.Build.0 = Release|Any CPU
		{E2A32764-F730-48B4-B74C-5E74560E3151}.Debug|Any CPU.ActiveCfg = Debug|Any CPU
		{E2A32764-F730-48B4-B74C-5E74560E3151}.Debug|Any CPU.Build.0 = Debug|Any CPU
		{E2A32764-F730-48B4-B74C-5E74560E3151}.Release|Any CPU.ActiveCfg = Release|Any CPU
		{E2A32764-F730-48B4-B74C-5E74560E3151}.Release|Any CPU.Build.0 = Release|Any CPU
		{756BF059-0C06-46D2-B690-2FB460D78C3A}.Debug|Any CPU.ActiveCfg = Debug|Any CPU
		{756BF059-0C06-46D2-B690-2FB460D78C3A}.Debug|Any CPU.Build.0 = Debug|Any CPU
		{756BF059-0C06-46D2-B690-2FB460D78C3A}.Release|Any CPU.ActiveCfg = Release|Any CPU
		{756BF059-0C06-46D2-B690-2FB460D78C3A}.Release|Any CPU.Build.0 = Release|Any CPU
		{01305314-59B0-468C-9F87-0A29414B93FC}.Debug|Any CPU.ActiveCfg = Debug|Any CPU
		{01305314-59B0-468C-9F87-0A29414B93FC}.Debug|Any CPU.Build.0 = Debug|Any CPU
		{01305314-59B0-468C-9F87-0A29414B93FC}.Release|Any CPU.ActiveCfg = Release|Any CPU
		{01305314-59B0-468C-9F87-0A29414B93FC}.Release|Any CPU.Build.0 = Release|Any CPU
		{5B387467-299A-47F5-A5F7-1ABAF3631245}.Debug|Any CPU.ActiveCfg = Debug|Any CPU
		{5B387467-299A-47F5-A5F7-1ABAF3631245}.Debug|Any CPU.Build.0 = Debug|Any CPU
		{5B387467-299A-47F5-A5F7-1ABAF3631245}.Release|Any CPU.ActiveCfg = Release|Any CPU
		{5B387467-299A-47F5-A5F7-1ABAF3631245}.Release|Any CPU.Build.0 = Release|Any CPU
		{93563E04-2470-4036-85BD-D1CC0CFD76B5}.Debug|Any CPU.ActiveCfg = Debug|Any CPU
		{93563E04-2470-4036-85BD-D1CC0CFD76B5}.Debug|Any CPU.Build.0 = Debug|Any CPU
		{93563E04-2470-4036-85BD-D1CC0CFD76B5}.Release|Any CPU.ActiveCfg = Release|Any CPU
		{93563E04-2470-4036-85BD-D1CC0CFD76B5}.Release|Any CPU.Build.0 = Release|Any CPU
		{D587C297-224F-43B8-870A-257E63FCE5E1}.Debug|Any CPU.ActiveCfg = Debug|Any CPU
		{D587C297-224F-43B8-870A-257E63FCE5E1}.Debug|Any CPU.Build.0 = Debug|Any CPU
		{D587C297-224F-43B8-870A-257E63FCE5E1}.Release|Any CPU.ActiveCfg = Release|Any CPU
		{D587C297-224F-43B8-870A-257E63FCE5E1}.Release|Any CPU.Build.0 = Release|Any CPU
		{720FA3F2-59E7-4D05-BDF7-960A117D7851}.Debug|Any CPU.ActiveCfg = Debug|Any CPU
		{720FA3F2-59E7-4D05-BDF7-960A117D7851}.Debug|Any CPU.Build.0 = Debug|Any CPU
		{720FA3F2-59E7-4D05-BDF7-960A117D7851}.Release|Any CPU.ActiveCfg = Release|Any CPU
		{720FA3F2-59E7-4D05-BDF7-960A117D7851}.Release|Any CPU.Build.0 = Release|Any CPU
	EndGlobalSection
	GlobalSection(SolutionProperties) = preSolution
		HideSolutionNode = FALSE
	EndGlobalSection
	GlobalSection(ExtensibilityGlobals) = postSolution
		SolutionGuid = {0D63B02F-650B-4103-AE91-22F76CF643CB}
	EndGlobalSection
EndGlobal
